{
  "name": "solana-repro",
  "version": "0.1.0",
  "lockfileVersion": 3,
  "requires": true,
  "packages": {
    "": {
      "name": "solana-repro",
      "version": "0.1.0",
      "bin": {
        "repro-lab": "src/cli.js",
        "solrepro": "src/cli.js"
      },
      "engines": {
        "node": ">=22"
      }
    }
  }
}
